// !$*UTF8*$!
{
	archiveVersion = 1;
	classes = {
	};
	objectVersion = 46;
	objects = {

/* Begin PBXBuildFile section */
		3EAFA96718B38FF300BDE134 /* RITStudent.m in Sources */ = {isa = PBXBuildFile; fileRef = 3EAFA96618B38FF300BDE134 /* RITStudent.m */; };
		A2CC11F818B2969E006EF1DB /* Foundation.framework in Frameworks */ = {isa = PBXBuildFile; fileRef = A2CC11F718B2969D006EF1DB /* Foundation.framework */; };
		A2CC11FA18B2969E006EF1DB /* CoreGraphics.framework in Frameworks */ = {isa = PBXBuildFile; fileRef = A2CC11F918B2969E006EF1DB /* CoreGraphics.framework */; };
		A2CC11FC18B2969E006EF1DB /* UIKit.framework in Frameworks */ = {isa = PBXBuildFile; fileRef = A2CC11FB18B2969E006EF1DB /* UIKit.framework */; };
		A2CC120218B2969E006EF1DB /* InfoPlist.strings in Resources */ = {isa = PBXBuildFile; fileRef = A2CC120018B2969E006EF1DB /* InfoPlist.strings */; };
		A2CC120418B2969E006EF1DB /* main.m in Sources */ = {isa = PBXBuildFile; fileRef = A2CC120318B2969E006EF1DB /* main.m */; };
		A2CC120818B2969E006EF1DB /* RITAppDelegate.m in Sources */ = {isa = PBXBuildFile; fileRef = A2CC120718B2969E006EF1DB /* RITAppDelegate.m */; };
		A2CC120A18B2969E006EF1DB /* Images.xcassets in Resources */ = {isa = PBXBuildFile; fileRef = A2CC120918B2969E006EF1DB /* Images.xcassets */; };
		A2CC121118B2969E006EF1DB /* XCTest.framework in Frameworks */ = {isa = PBXBuildFile; fileRef = A2CC121018B2969E006EF1DB /* XCTest.framework */; };
		A2CC121218B2969E006EF1DB /* Foundation.framework in Frameworks */ = {isa = PBXBuildFile; fileRef = A2CC11F718B2969D006EF1DB /* Foundation.framework */; };
		A2CC121318B2969E006EF1DB /* UIKit.framework in Frameworks */ = {isa = PBXBuildFile; fileRef = A2CC11FB18B2969E006EF1DB /* UIKit.framework */; };
		A2CC121B18B2969E006EF1DB /* InfoPlist.strings in Resources */ = {isa = PBXBuildFile; fileRef = A2CC121918B2969E006EF1DB /* InfoPlist.strings */; };
		A2CC121D18B2969E006EF1DB /* _6TimeTestHW01Tests.m in Sources */ = {isa = PBXBuildFile; fileRef = A2CC121C18B2969E006EF1DB /* _6TimeTestHW01Tests.m */; };
/* End PBXBuildFile section */

/* Begin PBXContainerItemProxy section */
		A2CC121418B2969E006EF1DB /* PBXContainerItemProxy */ = {
			isa = PBXContainerItemProxy;
			containerPortal = A2CC11EC18B2969D006EF1DB /* Project object */;
			proxyType = 1;
			remoteGlobalIDString = A2CC11F318B2969D006EF1DB;
			remoteInfo = 16TimeTestHW01;
		};
/* End PBXContainerItemProxy section */

/* Begin PBXFileReference section */
		3EAFA96518B38FF300BDE134 /* RITStudent.h */ = {isa = PBXFileReference; fileEncoding = 4; lastKnownFileType = sourcecode.c.h; path = RITStudent.h; sourceTree = "<group>"; };
		3EAFA96618B38FF300BDE134 /* RITStudent.m */ = {isa = PBXFileReference; fileEncoding = 4; lastKnownFileType = sourcecode.c.objc; path = RITStudent.m; sourceTree = "<group>"; };
		A2CC11F418B2969D006EF1DB /* 16TimeTestHW01.app */ = {isa = PBXFileReference; explicitFileType = wrapper.application; includeInIndex = 0; path = 16TimeTestHW01.app; sourceTree = BUILT_PRODUCTS_DIR; };
		A2CC11F718B2969D006EF1DB /* Foundation.framework */ = {isa = PBXFileReference; lastKnownFileType = wrapper.framework; name = Foundation.framework; path = System/Library/Frameworks/Foundation.framework; sourceTree = SDKROOT; };
		A2CC11F918B2969E006EF1DB /* CoreGraphics.framework */ = {isa = PBXFileReference; lastKnownFileType = wrapper.framework; name = CoreGraphics.framework; path = System/Library/Frameworks/CoreGraphics.framework; sourceTree = SDKROOT; };
		A2CC11FB18B2969E006EF1DB /* UIKit.framework */ = {isa = PBXFileReference; lastKnownFileType = wrapper.framework; name = UIKit.framework; path = System/Library/Frameworks/UIKit.framework; sourceTree = SDKROOT; };
		A2CC11FF18B2969E006EF1DB /* 16TimeTestHW01-Info.plist */ = {isa = PBXFileReference; lastKnownFileType = text.plist.xml; path = "16TimeTestHW01-Info.plist"; sourceTree = "<group>"; };
		A2CC120118B2969E006EF1DB /* en */ = {isa = PBXFileReference; lastKnownFileType = text.plist.strings; name = en; path = en.lproj/InfoPlist.strings; sourceTree = "<group>"; };
		A2CC120318B2969E006EF1DB /* main.m */ = {isa = PBXFileReference; lastKnownFileType = sourcecode.c.objc; path = main.m; sourceTree = "<group>"; };
		A2CC120518B2969E006EF1DB /* 16TimeTestHW01-Prefix.pch */ = {isa = PBXFileReference; lastKnownFileType = sourcecode.c.h; path = "16TimeTestHW01-Prefix.pch"; sourceTree = "<group>"; };
		A2CC120618B2969E006EF1DB /* RITAppDelegate.h */ = {isa = PBXFileReference; lastKnownFileType = sourcecode.c.h; path = RITAppDelegate.h; sourceTree = "<group>"; };
		A2CC120718B2969E006EF1DB /* RITAppDelegate.m */ = {isa = PBXFileReference; lastKnownFileType = sourcecode.c.objc; path = RITAppDelegate.m; sourceTree = "<group>"; };
		A2CC120918B2969E006EF1DB /* Images.xcassets */ = {isa = PBXFileReference; lastKnownFileType = folder.assetcatalog; path = Images.xcassets; sourceTree = "<group>"; };
		A2CC120F18B2969E006EF1DB /* 16TimeTestHW01Tests.xctest */ = {isa = PBXFileReference; explicitFileType = wrapper.cfbundle; includeInIndex = 0; path = 16TimeTestHW01Tests.xctest; sourceTree = BUILT_PRODUCTS_DIR; };
		A2CC121018B2969E006EF1DB /* XCTest.framework */ = {isa = PBXFileReference; lastKnownFileType = wrapper.framework; name = XCTest.framework; path = Library/Frameworks/XCTest.framework; sourceTree = DEVELOPER_DIR; };
		A2CC121818B2969E006EF1DB /* 16TimeTestHW01Tests-Info.plist */ = {isa = PBXFileReference; lastKnownFileType = text.plist.xml; path = "16TimeTestHW01Tests-Info.plist"; sourceTree = "<group>"; };
		A2CC121A18B2969E006EF1DB /* en */ = {isa = PBXFileReference; lastKnownFileType = text.plist.strings; name = en; path = en.lproj/InfoPlist.strings; sourceTree = "<group>"; };
		A2CC121C18B2969E006EF1DB /* _6TimeTestHW01Tests.m */ = {isa = PBXFileReference; lastKnownFileType = sourcecode.c.objc; path = _6TimeTestHW01Tests.m; sourceTree = "<group>"; };
/* End PBXFileReference section */

/* Begin PBXFrameworksBuildPhase section */
		A2CC11F118B2969D006EF1DB /* Frameworks */ = {
			isa = PBXFrameworksBuildPhase;
			buildActionMask = 2147483647;
			files = (
				A2CC11FA18B2969E006EF1DB /* CoreGraphics.framework in Frameworks */,
				A2CC11FC18B2969E006EF1DB /* UIKit.framework in Frameworks */,
				A2CC11F818B2969E006EF1DB /* Foundation.framework in Frameworks */,
			);
			runOnlyForDeploymentPostprocessing = 0;
		};
		A2CC120C18B2969E006EF1DB /* Frameworks */ = {
			isa = PBXFrameworksBuildPhase;
			buildActionMask = 2147483647;
			files = (
				A2CC121118B2969E006EF1DB /* XCTest.framework in Frameworks */,
				A2CC121318B2969E006EF1DB /* UIKit.framework in Frameworks */,
				A2CC121218B2969E006EF1DB /* Foundation.framework in Frameworks */,
			);
			runOnlyForDeploymentPostprocessing = 0;
		};
/* End PBXFrameworksBuildPhase section */

/* Begin PBXGroup section */
		A2CC11EB18B2969D006EF1DB = {
			isa = PBXGroup;
			children = (
				A2CC11FD18B2969E006EF1DB /* 16TimeTestHW01 */,
				A2CC121618B2969E006EF1DB /* 16TimeTestHW01Tests */,
				A2CC11F618B2969D006EF1DB /* Frameworks */,
				A2CC11F518B2969D006EF1DB /* Products */,
			);
			sourceTree = "<group>";
		};
		A2CC11F518B2969D006EF1DB /* Products */ = {
			isa = PBXGroup;
			children = (
				A2CC11F418B2969D006EF1DB /* 16TimeTestHW01.app */,
				A2CC120F18B2969E006EF1DB /* 16TimeTestHW01Tests.xctest */,
			);
			name = Products;
			sourceTree = "<group>";
		};
		A2CC11F618B2969D006EF1DB /* Frameworks */ = {
			isa = PBXGroup;
			children = (
				A2CC11F718B2969D006EF1DB /* Foundation.framework */,
				A2CC11F918B2969E006EF1DB /* CoreGraphics.framework */,
				A2CC11FB18B2969E006EF1DB /* UIKit.framework */,
				A2CC121018B2969E006EF1DB /* XCTest.framework */,
			);
			name = Frameworks;
			sourceTree = "<group>";
		};
		A2CC11FD18B2969E006EF1DB /* 16TimeTestHW01 */ = {
			isa = PBXGroup;
			children = (
				3EAFA96518B38FF300BDE134 /* RITStudent.h */,
				3EAFA96618B38FF300BDE134 /* RITStudent.m */,
				A2CC120618B2969E006EF1DB /* RITAppDelegate.h */,
				A2CC120718B2969E006EF1DB /* RITAppDelegate.m */,
				A2CC120918B2969E006EF1DB /* Images.xcassets */,
				A2CC11FE18B2969E006EF1DB /* Supporting Files */,
			);
			path = 16TimeTestHW01;
			sourceTree = "<group>";
		};
		A2CC11FE18B2969E006EF1DB /* Supporting Files */ = {
			isa = PBXGroup;
			children = (
				A2CC11FF18B2969E006EF1DB /* 16TimeTestHW01-Info.plist */,
				A2CC120018B2969E006EF1DB /* InfoPlist.strings */,
				A2CC120318B2969E006EF1DB /* main.m */,
				A2CC120518B2969E006EF1DB /* 16TimeTestHW01-Prefix.pch */,
			);
			name = "Supporting Files";
			sourceTree = "<group>";
		};
		A2CC121618B2969E006EF1DB /* 16TimeTestHW01Tests */ = {
			isa = PBXGroup;
			children = (
				A2CC121C18B2969E006EF1DB /* _6TimeTestHW01Tests.m */,
				A2CC121718B2969E006EF1DB /* Supporting Files */,
			);
			path = 16TimeTestHW01Tests;
			sourceTree = "<group>";
		};
		A2CC121718B2969E006EF1DB /* Supporting Files */ = {
			isa = PBXGroup;
			children = (
				A2CC121818B2969E006EF1DB /* 16TimeTestHW01Tests-Info.plist */,
				A2CC121918B2969E006EF1DB /* InfoPlist.strings */,
			);
			name = "Supporting Files";
			sourceTree = "<group>";
		};
/* End PBXGroup section */

/* Begin PBXNativeTarget section */
		A2CC11F318B2969D006EF1DB /* 16TimeTestHW01 */ = {
			isa = PBXNativeTarget;
			buildConfigurationList = A2CC122018B2969E006EF1DB /* Build configuration list for PBXNativeTarget "16TimeTestHW01" */;
			buildPhases = (
				A2CC11F018B2969D006EF1DB /* Sources */,
				A2CC11F118B2969D006EF1DB /* Frameworks */,
				A2CC11F218B2969D006EF1DB /* Resources */,
			);
			buildRules = (
			);
			dependencies = (
			);
			name = 16TimeTestHW01;
			productName = 16TimeTestHW01;
			productReference = A2CC11F418B2969D006EF1DB /* 16TimeTestHW01.app */;
			productType = "com.apple.product-type.application";
		};
		A2CC120E18B2969E006EF1DB /* 16TimeTestHW01Tests */ = {
			isa = PBXNativeTarget;
			buildConfigurationList = A2CC122318B2969E006EF1DB /* Build configuration list for PBXNativeTarget "16TimeTestHW01Tests" */;
			buildPhases = (
				A2CC120B18B2969E006EF1DB /* Sources */,
				A2CC120C18B2969E006EF1DB /* Frameworks */,
				A2CC120D18B2969E006EF1DB /* Resources */,
			);
			buildRules = (
			);
			dependencies = (
				A2CC121518B2969E006EF1DB /* PBXTargetDependency */,
			);
			name = 16TimeTestHW01Tests;
			productName = 16TimeTestHW01Tests;
			productReference = A2CC120F18B2969E006EF1DB /* 16TimeTestHW01Tests.xctest */;
			productType = "com.apple.product-type.bundle.unit-test";
		};
/* End PBXNativeTarget section */

/* Begin PBXProject section */
		A2CC11EC18B2969D006EF1DB /* Project object */ = {
			isa = PBXProject;
			attributes = {
				CLASSPREFIX = RIT;
				LastUpgradeCheck = 0500;
				ORGANIZATIONNAME = "Pronin Alexander";
				TargetAttributes = {
					A2CC120E18B2969E006EF1DB = {
						TestTargetID = A2CC11F318B2969D006EF1DB;
					};
				};
			};
			buildConfigurationList = A2CC11EF18B2969D006EF1DB /* Build configuration list for PBXProject "16TimeTestHW01" */;
			compatibilityVersion = "Xcode 3.2";
			developmentRegion = English;
			hasScannedForEncodings = 0;
			knownRegions = (
				en,
			);
			mainGroup = A2CC11EB18B2969D006EF1DB;
			productRefGroup = A2CC11F518B2969D006EF1DB /* Products */;
			projectDirPath = "";
			projectRoot = "";
			targets = (
				A2CC11F318B2969D006EF1DB /* 16TimeTestHW01 */,
				A2CC120E18B2969E006EF1DB /* 16TimeTestHW01Tests */,
			);
		};
/* End PBXProject section */

/* Begin PBXResourcesBuildPhase section */
		A2CC11F218B2969D006EF1DB /* Resources */ = {
			isa = PBXResourcesBuildPhase;
			buildActionMask = 2147483647;
			files = (
				A2CC120218B2969E006EF1DB /* InfoPlist.strings in Resources */,
				A2CC120A18B2969E006EF1DB /* Images.xcassets in Resources */,
			);
			runOnlyForDeploymentPostprocessing = 0;
		};
		A2CC120D18B2969E006EF1DB /* Resources */ = {
			isa = PBXResourcesBuildPhase;
			buildActionMask = 2147483647;
			files = (
				A2CC121B18B2969E006EF1DB /* InfoPlist.strings in Resources */,
			);
			runOnlyForDeploymentPostprocessing = 0;
		};
/* End PBXResourcesBuildPhase section */

/* Begin PBXSourcesBuildPhase section */
		A2CC11F018B2969D006EF1DB /* Sources */ = {
			isa = PBXSourcesBuildPhase;
			buildActionMask = 2147483647;
			files = (
				A2CC120818B2969E006EF1DB /* RITAppDelegate.m in Sources */,
				3EAFA96718B38FF300BDE134 /* RITStudent.m in Sources */,
				A2CC120418B2969E006EF1DB /* main.m in Sources */,
			);
			runOnlyForDeploymentPostprocessing = 0;
		};
		A2CC120B18B2969E006EF1DB /* Sources */ = {
			isa = PBXSourcesBuildPhase;
			buildActionMask = 2147483647;
			files = (
				A2CC121D18B2969E006EF1DB /* _6TimeTestHW01Tests.m in Sources */,
			);
			runOnlyForDeploymentPostprocessing = 0;
		};
/* End PBXSourcesBuildPhase section */

/* Begin PBXTargetDependency section */
		A2CC121518B2969E006EF1DB /* PBXTargetDependency */ = {
			isa = PBXTargetDependency;
			target = A2CC11F318B2969D006EF1DB /* 16TimeTestHW01 */;
			targetProxy = A2CC121418B2969E006EF1DB /* PBXContainerItemProxy */;
		};
/* End PBXTargetDependency section */

/* Begin PBXVariantGroup section */
		A2CC120018B2969E006EF1DB /* InfoPlist.strings */ = {
			isa = PBXVariantGroup;
			children = (
				A2CC120118B2969E006EF1DB /* en */,
			);
			name = InfoPlist.strings;
			sourceTree = "<group>";
		};
		A2CC121918B2969E006EF1DB /* InfoPlist.strings */ = {
			isa = PBXVariantGroup;
			children = (
				A2CC121A18B2969E006EF1DB /* en */,
			);
			name = InfoPlist.strings;
			sourceTree = "<group>";
		};
/* End PBXVariantGroup section */

/* Begin XCBuildConfiguration section */
		A2CC121E18B2969E006EF1DB /* Debug */ = {
			isa = XCBuildConfiguration;
			buildSettings = {
				ALWAYS_SEARCH_USER_PATHS = NO;
				ARCHS = "$(ARCHS_STANDARD_INCLUDING_64_BIT)";
				CLANG_CXX_LANGUAGE_STANDARD = "gnu++0x";
				CLANG_CXX_LIBRARY = "libc++";
				CLANG_ENABLE_MODULES = YES;
				CLANG_ENABLE_OBJC_ARC = YES;
				CLANG_WARN_BOOL_CONVERSION = YES;
				CLANG_WARN_CONSTANT_CONVERSION = YES;
				CLANG_WARN_DIRECT_OBJC_ISA_USAGE = YES_ERROR;
				CLANG_WARN_EMPTY_BODY = YES;
				CLANG_WARN_ENUM_CONVERSION = YES;
				CLANG_WARN_INT_CONVERSION = YES;
				CLANG_WARN_OBJC_ROOT_CLASS = YES_ERROR;
				CLANG_WARN__DUPLICATE_METHOD_MATCH = YES;
				"CODE_SIGN_IDENTITY[sdk=iphoneos*]" = "iPhone Developer";
				COPY_PHASE_STRIP = NO;
				GCC_C_LANGUAGE_STANDARD = gnu99;
				GCC_DYNAMIC_NO_PIC = NO;
				GCC_OPTIMIZATION_LEVEL = 0;
				GCC_PREPROCESSOR_DEFINITIONS = (
					"DEBUG=1",
					"$(inherited)",
				);
				GCC_SYMBOLS_PRIVATE_EXTERN = NO;
				GCC_WARN_64_TO_32_BIT_CONVERSION = YES;
				GCC_WARN_ABOUT_RETURN_TYPE = YES_ERROR;
				GCC_WARN_UNDECLARED_SELECTOR = YES;
				GCC_WARN_UNINITIALIZED_AUTOS = YES;
				GCC_WARN_UNUSED_FUNCTION = YES;
				GCC_WARN_UNUSED_VARIABLE = YES;
				IPHONEOS_DEPLOYMENT_TARGET = 7.0;
				ONLY_ACTIVE_ARCH = YES;
				SDKROOT = iphoneos;
			};
			name = Debug;
		};
		A2CC121F18B2969E006EF1DB /* Release */ = {
			isa = XCBuildConfiguration;
			buildSettings = {
				ALWAYS_SEARCH_USER_PATHS = NO;
				ARCHS = "$(ARCHS_STANDARD_INCLUDING_64_BIT)";
				CLANG_CXX_LANGUAGE_STANDARD = "gnu++0x";
				CLANG_CXX_LIBRARY = "libc++";
				CLANG_ENABLE_MODULES = YES;
				CLANG_ENABLE_OBJC_ARC = YES;
				CLANG_WARN_BOOL_CONVERSION = YES;
				CLANG_WARN_CONSTANT_CONVERSION = YES;
				CLANG_WARN_DIRECT_OBJC_ISA_USAGE = YES_ERROR;
				CLANG_WARN_EMPTY_BODY = YES;
				CLANG_WARN_ENUM_CONVERSION = YES;
				CLANG_WARN_INT_CONVERSION = YES;
				CLANG_WARN_OBJC_ROOT_CLASS = YES_ERROR;
				CLANG_WARN__DUPLICATE_METHOD_MATCH = YES;
				"CODE_SIGN_IDENTITY[sdk=iphoneos*]" = "iPhone Developer";
				COPY_PHASE_STRIP = YES;
				ENABLE_NS_ASSERTIONS = NO;
				GCC_C_LANGUAGE_STANDARD = gnu99;
				GCC_WARN_64_TO_32_BIT_CONVERSION = YES;
				GCC_WARN_ABOUT_RETURN_TYPE = YES_ERROR;
				GCC_WARN_UNDECLARED_SELECTOR = YES;
				GCC_WARN_UNINITIALIZED_AUTOS = YES;
				GCC_WARN_UNUSED_FUNCTION = YES;
				GCC_WARN_UNUSED_VARIABLE = YES;
				IPHONEOS_DEPLOYMENT_TARGET = 7.0;
				SDKROOT = iphoneos;
				VALIDATE_PRODUCT = YES;
			};
			name = Release;
		};
		A2CC122118B2969E006EF1DB /* Debug */ = {
			isa = XCBuildConfiguration;
			buildSettings = {
				ASSETCATALOG_COMPILER_APPICON_NAME = AppIcon;
				ASSETCATALOG_COMPILER_LAUNCHIMAGE_NAME = LaunchImage;
				GCC_PRECOMPILE_PREFIX_HEADER = YES;
				GCC_PREFIX_HEADER = "16TimeTestHW01/16TimeTestHW01-Prefix.pch";
				INFOPLIST_FILE = "16TimeTestHW01/16TimeTestHW01-Info.plist";
				PRODUCT_NAME = "$(TARGET_NAME)";
				WRAPPER_EXTENSION = app;
			};
			name = Debug;
		};
		A2CC122218B2969E006EF1DB /* Release */ = {
			isa = XCBuildConfiguration;
			buildSettings = {
				ASSETCATALOG_COMPILER_APPICON_NAME = AppIcon;
				ASSETCATALOG_COMPILER_LAUNCHIMAGE_NAME = LaunchImage;
				GCC_PRECOMPILE_PREFIX_HEADER = YES;
				GCC_PREFIX_HEADER = "16TimeTestHW01/16TimeTestHW01-Prefix.pch";
				INFOPLIST_FILE = "16TimeTestHW01/16TimeTestHW01-Info.plist";
				PRODUCT_NAME = "$(TARGET_NAME)";
				WRAPPER_EXTENSION = app;
			};
			name = Release;
		};
		A2CC122418B2969E006EF1DB /* Debug */ = {
			isa = XCBuildConfiguration;
			buildSettings = {
				ARCHS = "$(ARCHS_STANDARD_INCLUDING_64_BIT)";
				BUNDLE_LOADER = "$(BUILT_PRODUCTS_DIR)/16TimeTestHW01.app/16TimeTestHW01";
				FRAMEWORK_SEARCH_PATHS = (
					"$(SDKROOT)/Developer/Library/Frameworks",
					"$(inherited)",
					"$(DEVELOPER_FRAMEWORKS_DIR)",
				);
				GCC_PRECOMPILE_PREFIX_HEADER = YES;
				GCC_PREFIX_HEADER = "16TimeTestHW01/16TimeTestHW01-Prefix.pch";
				GCC_PREPROCESSOR_DEFINITIONS = (
					"DEBUG=1",
					"$(inherited)",
				);
				INFOPLIST_FILE = "16TimeTestHW01Tests/16TimeTestHW01Tests-Info.plist";
				PRODUCT_NAME = "$(TARGET_NAME)";
				TEST_HOST = "$(BUNDLE_LOADER)";
				WRAPPER_EXTENSION = xctest;
			};
			name = Debug;
		};
		A2CC122518B2969E006EF1DB /* Release */ = {
			isa = XCBuildConfiguration;
			buildSettings = {
				ARCHS = "$(ARCHS_STANDARD_INCLUDING_64_BIT)";
				BUNDLE_LOADER = "$(BUILT_PRODUCTS_DIR)/16TimeTestHW01.app/16TimeTestHW01";
				FRAMEWORK_SEARCH_PATHS = (
					"$(SDKROOT)/Developer/Library/Frameworks",
					"$(inherited)",
					"$(DEVELOPER_FRAMEWORKS_DIR)",
				);
				GCC_PRECOMPILE_PREFIX_HEADER = YES;
				GCC_PREFIX_HEADER = "16TimeTestHW01/16TimeTestHW01-Prefix.pch";
				INFOPLIST_FILE = "16TimeTestHW01Tests/16TimeTestHW01Tests-Info.plist";
				PRODUCT_NAME = "$(TARGET_NAME)";
				TEST_HOST = "$(BUNDLE_LOADER)";
				WRAPPER_EXTENSION = xctest;
			};
			name = Release;
		};
/* End XCBuildConfiguration section */

/* Begin XCConfigurationList section */
		A2CC11EF18B2969D006EF1DB /* Build configuration list for PBXProject "16TimeTestHW01" */ = {
			isa = XCConfigurationList;
			buildConfigurations = (
				A2CC121E18B2969E006EF1DB /* Debug */,
				A2CC121F18B2969E006EF1DB /* Release */,
			);
			defaultConfigurationIsVisible = 0;
			defaultConfigurationName = Release;
		};
		A2CC122018B2969E006EF1DB /* Build configuration list for PBXNativeTarget "16TimeTestHW01" */ = {
			isa = XCConfigurationList;
			buildConfigurations = (
				A2CC122118B2969E006EF1DB /* Debug */,
				A2CC122218B2969E006EF1DB /* Release */,
			);
			defaultConfigurationIsVisible = 0;
			defaultConfigurationName = Release;
		};
		A2CC122318B2969E006EF1DB /* Build configuration list for PBXNativeTarget "16TimeTestHW01Tests" */ = {
			isa = XCConfigurationList;
			buildConfigurations = (
				A2CC122418B2969E006EF1DB /* Debug */,
				A2CC122518B2969E006EF1DB /* Release */,
			);
			defaultConfigurationIsVisible = 0;
			defaultConfigurationName = Release;
		};
/* End XCConfigurationList section */
	};
	rootObject = A2CC11EC18B2969D006EF1DB /* Project object */;
}
